// !$*UTF8*$!
{
	archiveVersion = 1;
	classes = {
	};
	objectVersion = 77;
	objects = {

/* Begin PBXBuildFile section */
		110673122F91112A00D11411 /* FirebaseAuth in Frameworks */ = {isa = PBXBuildFile; productRef = 110673112F91112A00D11411 /* FirebaseAuth */; };
		110673142F91112A00D11411 /* FirebaseFirestore in Frameworks */ = {isa = PBXBuildFile; productRef = 110673132F91112A00D11411 /* FirebaseFirestore */; };
		110673162F91112A00D11411 /* FirebaseMessaging in Frameworks */ = {isa = PBXBuildFile; productRef = 110673152F91112A00D11411 /* FirebaseMessaging */; };
		813B6875DA79405EA8045308 /* Kingfisher in Frameworks */ = {isa = PBXBuildFile; productRef = BEDFC40898EF415793EAC5B4 /* Kingfisher */; };
		B6BE274A73D14772A78F7059 /* SkeletonView in Frameworks */ = {isa = PBXBuildFile; productRef = 673B2634275541738A08C78B /* SkeletonView */; };
/* End PBXBuildFile section */

/* Begin PBXContainerItemProxy section */
		110672E82F9109A200D11411 /* PBXContainerItemProxy */ = {
			isa = PBXContainerItemProxy;
			containerPortal = 110672C92F9109A100D11411 /* Project object */;
			proxyType = 1;
			remoteGlobalIDString = 110672D02F9109A100D11411;
			remoteInfo = Ripple;
		};
		110672F22F9109A200D11411 /* PBXContainerItemProxy */ = {
			isa = PBXContainerItemProxy;
			containerPortal = 110672C92F9109A100D11411 /* Project object */;
			proxyType = 1;
			remoteGlobalIDString = 110672D02F9109A100D11411;
			remoteInfo = Ripple;
		};
/* End PBXContainerItemProxy section */

/* Begin PBXFileReference section */
		110672D12F9109A100D11411 /* Ripple.app */ = {isa = PBXFileReference; explicitFileType = wrapper.application; includeInIndex = 0; path = Ripple.app; sourceTree = BUILT_PRODUCTS_DIR; };
		110672E72F9109A200D11411 /* RippleTests.xctest */ = {isa = PBXFileReference; explicitFileType = wrapper.cfbundle; includeInIndex = 0; path = RippleTests.xctest; sourceTree = BUILT_PRODUCTS_DIR; };
		110672F12F9109A200D11411 /* RippleUITests.xctest */ = {isa = PBXFileReference; explicitFileType = wrapper.cfbundle; includeInIndex = 0; path = RippleUITests.xctest; sourceTree = BUILT_PRODUCTS_DIR; };
/* End PBXFileReference section */

/* Begin PBXFileSystemSynchronizedBuildFileExceptionSet section */
		110672F92F9109A200D11411 /* Exceptions for "Ripple" folder in "Ripple" target */ = {
			isa = PBXFileSystemSynchronizedBuildFileExceptionSet;
			membershipExceptions = (
				Info.plist,
			);
			target = 110672D02F9109A100D11411 /* Ripple */;
		};
/* End PBXFileSystemSynchronizedBuildFileExceptionSet section */

/* Begin PBXFileSystemSynchronizedRootGroup section */
		110672D32F9109A100D11411 /* Ripple */ = {
			isa = PBXFileSystemSynchronizedRootGroup;
			exceptions = (
				110672F92F9109A200D11411 /* Exceptions for "Ripple" folder in "Ripple" target */,
			);
			path = Ripple;
			sourceTree = "<group>";
		};
		110672EA2F9109A200D11411 /* RippleTests */ = {
			isa = PBXFileSystemSynchronizedRootGroup;
			path = RippleTests;
			sourceTree = "<group>";
		};
		110672F42F9109A200D11411 /* RippleUITests */ = {
			isa = PBXFileSystemSynchronizedRootGroup;
			path = RippleUITests;
			sourceTree = "<group>";
		};
/* End PBXFileSystemSynchronizedRootGroup section */

/* Begin PBXFrameworksBuildPhase section */
		110672CE2F9109A100D11411 /* Frameworks */ = {
			isa = PBXFrameworksBuildPhase;
			buildActionMask = 2147483647;
			files = (
				110673162F91112A00D11411 /* FirebaseMessaging in Frameworks */,
				110673122F91112A00D11411 /* FirebaseAuth in Frameworks */,
				110673142F91112A00D11411 /* FirebaseFirestore in Frameworks */,
				813B6875DA79405EA8045308 /* Kingfisher in Frameworks */,
				B6BE274A73D14772A78F7059 /* SkeletonView in Frameworks */,
			);
			runOnlyForDeploymentPostprocessing = 0;
		};
		110672E42F9109A200D11411 /* Frameworks */ = {
			isa = PBXFrameworksBuildPhase;
			buildActionMask = 2147483647;
			files = (
			);
			runOnlyForDeploymentPostprocessing = 0;
		};
		110672EE2F9109A200D11411 /* Frameworks */ = {
			isa = PBXFrameworksBuildPhase;
			buildActionMask = 2147483647;
			files = (
			);
			runOnlyForDeploymentPostprocessing = 0;
		};
/* End PBXFrameworksBuildPhase section */

/* Begin PBXGroup section */
		110672C82F9109A100D11411 = {
			isa = PBXGroup;
			children = (
				110672D32F9109A100D11411 /* Ripple */,
				110672EA2F9109A200D11411 /* RippleTests */,
				110672F42F9109A200D11411 /* RippleUITests */,
				110672D22F9109A100D11411 /* Products */,
			);
			sourceTree = "<group>";
		};
		110672D22F9109A100D11411 /* Products */ = {
			isa = PBXGroup;
			children = (
				110672D12F9109A100D11411 /* Ripple.app */,
				110672E72F9109A200D11411 /* RippleTests.xctest */,
				110672F12F9109A200D11411 /* RippleUITests.xctest */,
			);
			name = Products;
			sourceTree = "<group>";
		};
/* End PBXGroup section */

/* Begin PBXNativeTarget section */
		110672D02F9109A100D11411 /* Ripple */ = {
			isa = PBXNativeTarget;
			buildConfigurationList = 110672FA2F9109A200D11411 /* Build configuration list for PBXNativeTarget "Ripple" */;
			buildPhases = (
				110672CD2F9109A100D11411 /* Sources */,
				110672CE2F9109A100D11411 /* Frameworks */,
				110672CF2F9109A100D11411 /* Resources */,
			);
			buildRules = (
			);
			dependencies = (
			);
			fileSystemSynchronizedGroups = (
				110672D32F9109A100D11411 /* Ripple */,
			);
			name = Ripple;
			packageProductDependencies = (
				110673112F91112A00D11411 /* FirebaseAuth */,
				110673132F91112A00D11411 /* FirebaseFirestore */,
				110673152F91112A00D11411 /* FirebaseMessaging */,
				BEDFC40898EF415793EAC5B4 /* Kingfisher */,
				673B2634275541738A08C78B /* SkeletonView */,
			);
			productName = Ripple;
			productReference = 110672D12F9109A100D11411 /* Ripple.app */;
			productType = "com.apple.product-type.application";
		};
		110672E62F9109A200D11411 /* RippleTests */ = {
			isa = PBXNativeTarget;
			buildConfigurationList = 110672FF2F9109A200D11411 /* Build configuration list for PBXNativeTarget "RippleTests" */;
			buildPhases = (
				110672E32F9109A200D11411 /* Sources */,
				110672E42F9109A200D11411 /* Frameworks */,
				110672E52F9109A200D11411 /* Resources */,
			);
			buildRules = (
			);
			dependencies = (
				110672E92F9109A200D11411 /* PBXTargetDependency */,
			);
			fileSystemSynchronizedGroups = (
				110672EA2F9109A200D11411 /* RippleTests */,
			);
			name = RippleTests;
			packageProductDependencies = (
			);
			productName = RippleTests;
			productReference = 110672E72F9109A200D11411 /* RippleTests.xctest */;
			productType = "com.apple.product-type.bundle.unit-test";
		};
		110672F02F9109A200D11411 /* RippleUITests */ = {
			isa = PBXNativeTarget;
			buildConfigurationList = 110673022F9109A200D11411 /* Build configuration list for PBXNativeTarget "RippleUITests" */;
			buildPhases = (
				110672ED2F9109A200D11411 /* Sources */,
				110672EE2F9109A200D11411 /* Frameworks */,
				110672EF2F9109A200D11411 /* Resources */,
			);
			buildRules = (
			);
			dependencies = (
				110672F32F9109A200D11411 /* PBXTargetDependency */,
			);
			fileSystemSynchronizedGroups = (
				110672F42F9109A200D11411 /* RippleUITests */,
			);
			name = RippleUITests;
			packageProductDependencies = (
			);
			productName = RippleUITests;
			productReference = 110672F12F9109A200D11411 /* RippleUITests.xctest */;
			productType = "com.apple.product-type.bundle.ui-testing";
		};
/* End PBXNativeTarget section */

/* Begin PBXProject section */
		110672C92F9109A100D11411 /* Project object */ = {
			isa = PBXProject;
			attributes = {
				BuildIndependentTargetsInParallel = 1;
				LastSwiftUpdateCheck = 2630;
				LastUpgradeCheck = 2630;
				TargetAttributes = {
					110672D02F9109A100D11411 = {
						CreatedOnToolsVersion = 26.3;
					};
					110672E62F9109A200D11411 = {
						CreatedOnToolsVersion = 26.3;
						TestTargetID = 110672D02F9109A100D11411;
					};
					110672F02F9109A200D11411 = {
						CreatedOnToolsVersion = 26.3;
						TestTargetID = 110672D02F9109A100D11411;
					};
				};
			};
			buildConfigurationList = 110672CC2F9109A100D11411 /* Build configuration list for PBXProject "Ripple" */;
			developmentRegion = en;
			hasScannedForEncodings = 0;
			knownRegions = (
				en,
				Base,
			);
			mainGroup = 110672C82F9109A100D11411;
			minimizedProjectReferenceProxies = 1;
			packageReferences = (
				110673102F91112A00D11411 /* XCRemoteSwiftPackageReference "firebase-ios-sdk" */,
				19731C9BB1524FFB8027233E /* XCRemoteSwiftPackageReference "Kingfisher" */,
				E479513A0CDC43A4B22F972E /* XCRemoteSwiftPackageReference "SkeletonView" */,
			);
			preferredProjectObjectVersion = 77;
			productRefGroup = 110672D22F9109A100D11411 /* Products */;
			projectDirPath = "";
			projectRoot = "";
			targets = (
				110672D02F9109A100D11411 /* Ripple */,
				110672E62F9109A200D11411 /* RippleTests */,
				110672F02F9109A200D11411 /* RippleUITests */,
			);
		};
/* End PBXProject section */

/* Begin PBXResourcesBuildPhase section */
		110672CF2F9109A100D11411 /* Resources */ = {
			isa = PBXResourcesBuildPhase;
			buildActionMask = 2147483647;
			files = (
			);
			runOnlyForDeploymentPostprocessing = 0;
		};
		110672E52F9109A200D11411 /* Resources */ = {
			isa = PBXResourcesBuildPhase;
			buildActionMask = 2147483647;
			files = (
			);
			runOnlyForDeploymentPostprocessing = 0;
		};
		110672EF2F9109A200D11411 /* Resources */ = {
			isa = PBXResourcesBuildPhase;
			buildActionMask = 2147483647;
			files = (
			);
			runOnlyForDeploymentPostprocessing = 0;
		};
/* End PBXResourcesBuildPhase section */

/* Begin PBXSourcesBuildPhase section */
		110672CD2F9109A100D11411 /* Sources */ = {
			isa = PBXSourcesBuildPhase;
			buildActionMask = 2147483647;
			files = (
			);
			runOnlyForDeploymentPostprocessing = 0;
		};
		110672E32F9109A200D11411 /* Sources */ = {
			isa = PBXSourcesBuildPhase;
			buildActionMask = 2147483647;
			files = (
			);
			runOnlyForDeploymentPostprocessing = 0;
		};
		110672ED2F9109A200D11411 /* Sources */ = {
			isa = PBXSourcesBuildPhase;
			buildActionMask = 2147483647;
			files = (
			);
			runOnlyForDeploymentPostprocessing = 0;
		};
/* End PBXSourcesBuildPhase section */

/* Begin PBXTargetDependency section */
		110672E92F9109A200D11411 /* PBXTargetDependency */ = {
			isa = PBXTargetDependency;
			target = 110672D02F9109A100D11411 /* Ripple */;
			targetProxy = 110672E82F9109A200D11411 /* PBXContainerItemProxy */;
		};
		110672F32F9109A200D11411 /* PBXTargetDependency */ = {
			isa = PBXTargetDependency;
			target = 110672D02F9109A100D11411 /* Ripple */;
			targetProxy = 110672F22F9109A200D11411 /* PBXContainerItemProxy */;
		};
/* End PBXTargetDependency section */

/* Begin XCBuildConfiguration section */
		110672FB2F9109A200D11411 /* Debug */ = {
			isa = XCBuildConfiguration;
			buildSettings = {
				ASSETCATALOG_COMPILER_APPICON_NAME = AppIcon;
				ASSETCATALOG_COMPILER_GLOBAL_ACCENT_COLOR_NAME = AccentColor;
				CODE_SIGN_STYLE = Automatic;
				CURRENT_PROJECT_VERSION = 1;
				GENERATE_INFOPLIST_FILE = YES;
				INFOPLIST_FILE = Ripple/Info.plist;
				INFOPLIST_KEY_UIApplicationSupportsIndirectInputEvents = YES;
				INFOPLIST_KEY_UILaunchStoryboardName = LaunchScreen;
				INFOPLIST_KEY_UISupportedInterfaceOrientations_iPad = "UIInterfaceOrientationPortrait UIInterfaceOrientationPortraitUpsideDown UIInterfaceOrientationLandscapeLeft UIInterfaceOrientationLandscapeRight";
				INFOPLIST_KEY_UISupportedInterfaceOrientations_iPhone = "UIInterfaceOrientationPortrait UIInterfaceOrientationLandscapeLeft UIInterfaceOrientationLandscapeRight";
				LD_RUNPATH_SEARCH_PATHS = (
					"$(inherited)",
					"@executable_path/Frameworks",
				);
				MARKETING_VERSION = 1.0;
				PRODUCT_BUNDLE_IDENTIFIER = com.nikita.dev.Ripple;
				PRODUCT_NAME = "$(TARGET_NAME)";
				STRING_CATALOG_GENERATE_SYMBOLS = YES;
				SWIFT_APPROACHABLE_CONCURRENCY = YES;
				SWIFT_EMIT_LOC_STRINGS = YES;
				SWIFT_UPCOMING_FEATURE_MEMBER_IMPORT_VISIBILITY = YES;
				SWIFT_VERSION = 5.0;
				TARGETED_DEVICE_FAMILY = "1,2";
			};
			name = Debug;
		};
		110672FC2F9109A200D11411 /* Release */ = {
			isa = XCBuildConfiguration;
			buildSettings = {
				ASSETCATALOG_COMPILER_APPICON_NAME = AppIcon;
				ASSETCATALOG_COMPILER_GLOBAL_ACCENT_COLOR_NAME = AccentColor;
				CODE_SIGN_STYLE = Automatic;
				CURRENT_PROJECT_VERSION = 1;
				GENERATE_INFOPLIST_FILE = YES;
				INFOPLIST_FILE = Ripple/Info.plist;
				INFOPLIST_KEY_UIApplicationSupportsIndirectInputEvents = YES;
				INFOPLIST_KEY_UILaunchStoryboardName = LaunchScreen;
				INFOPLIST_KEY_UISupportedInterfaceOrientations_iPad = "UIInterfaceOrientationPortrait UIInterfaceOrientationPortraitUpsideDown UIInterfaceOrientationLandscapeLeft UIInterfaceOrientationLandscapeRight";
				INFOPLIST_KEY_UISupportedInterfaceOrientations_iPhone = "UIInterfaceOrientationPortrait UIInterfaceOrientationLandscapeLeft UIInterfaceOrientationLandscapeRight";
				LD_RUNPATH_SEARCH_PATHS = (
					"$(inherited)",
					"@executable_path/Frameworks",
				);
				MARKETING_VERSION = 1.0;
				PRODUCT_BUNDLE_IDENTIFIER = com.nikita.dev.Ripple;
				PRODUCT_NAME = "$(TARGET_NAME)";
				STRING_CATALOG_GENERATE_SYMBOLS = YES;
				SWIFT_APPROACHABLE_CONCURRENCY = YES;
				SWIFT_EMIT_LOC_STRINGS = YES;
				SWIFT_UPCOMING_FEATURE_MEMBER_IMPORT_VISIBILITY = YES;
				SWIFT_VERSION = 5.0;
				TARGETED_DEVICE_FAMILY = "1,2";
			};
			name = Release;
		};
		110672FD2F9109A200D11411 /* Debug */ = {
			isa = XCBuildConfiguration;
			buildSettings = {
				ALWAYS_SEARCH_USER_PATHS = NO;
				ASSETCATALOG_COMPILER_GENERATE_SWIFT_ASSET_SYMBOL_EXTENSIONS = YES;
				CLANG_ANALYZER_NONNULL = YES;
				CLANG_ANALYZER_NUMBER_OBJECT_CONVERSION = YES_AGGRESSIVE;
				CLANG_CXX_LANGUAGE_STANDARD = "gnu++20";
				CLANG_ENABLE_MODULES = YES;
				CLANG_ENABLE_OBJC_ARC = YES;
				CLANG_ENABLE_OBJC_WEAK = YES;
				CLANG_WARN_BLOCK_CAPTURE_AUTORELEASING = YES;
				CLANG_WARN_BOOL_CONVERSION = YES;
				CLANG_WARN_COMMA = YES;
				CLANG_WARN_CONSTANT_CONVERSION = YES;
				CLANG_WARN_DEPRECATED_OBJC_IMPLEMENTATIONS = YES;
				CLANG_WARN_DIRECT_OBJC_ISA_USAGE = YES_ERROR;
				CLANG_WARN_DOCUMENTATION_COMMENTS = YES;
				CLANG_WARN_EMPTY_BODY = YES;
				CLANG_WARN_ENUM_CONVERSION = YES;
				CLANG_WARN_INFINITE_RECURSION = YES;
				CLANG_WARN_INT_CONVERSION = YES;
				CLANG_WARN_NON_LITERAL_NULL_CONVERSION = YES;
				CLANG_WARN_OBJC_IMPLICIT_RETAIN_SELF = YES;
				CLANG_WARN_OBJC_LITERAL_CONVERSION = YES;
				CLANG_WARN_OBJC_ROOT_CLASS = YES_ERROR;
				CLANG_WARN_QUOTED_INCLUDE_IN_FRAMEWORK_HEADER = YES;
				CLANG_WARN_RANGE_LOOP_ANALYSIS = YES;
				CLANG_WARN_STRICT_PROTOTYPES = YES;
				CLANG_WARN_SUSPICIOUS_MOVE = YES;
				CLANG_WARN_UNGUARDED_AVAILABILITY = YES_AGGRESSIVE;
				CLANG_WARN_UNREACHABLE_CODE = YES;
				CLANG_WARN__DUPLICATE_METHOD_MATCH = YES;
				COPY_PHASE_STRIP = NO;
				DEBUG_INFORMATION_FORMAT = dwarf;
				ENABLE_STRICT_OBJC_MSGSEND = YES;
				ENABLE_TESTABILITY = YES;
				ENABLE_USER_SCRIPT_SANDBOXING = YES;
				GCC_C_LANGUAGE_STANDARD = gnu17;
				GCC_DYNAMIC_NO_PIC = NO;
				GCC_NO_COMMON_BLOCKS = YES;
				GCC_OPTIMIZATION_LEVEL = 0;
				GCC_PREPROCESSOR_DEFINITIONS = (
					"DEBUG=1",
					"$(inherited)",
				);
				GCC_WARN_64_TO_32_BIT_CONVERSION = YES;
				GCC_WARN_ABOUT_RETURN_TYPE = YES_ERROR;
				GCC_WARN_UNDECLARED_SELECTOR = YES;
				GCC_WARN_UNINITIALIZED_AUTOS = YES_AGGRESSIVE;
				GCC_WARN_UNUSED_FUNCTION = YES;
				GCC_WARN_UNUSED_VARIABLE = YES;
				IPHONEOS_DEPLOYMENT_TARGET = 26.2;
				LOCALIZATION_PREFERS_STRING_CATALOGS = YES;
				MTL_ENABLE_DEBUG_INFO = INCLUDE_SOURCE;
				MTL_FAST_MATH = YES;
				ONLY_ACTIVE_ARCH = YES;
				SDKROOT = iphoneos;
				SWIFT_ACTIVE_COMPILATION_CONDITIONS = "DEBUG $(inherited)";
				SWIFT_OPTIMIZATION_LEVEL = "-Onone";
			};
			name = Debug;
		};
		110672FE2F9109A200D11411 /* Release */ = {
			isa = XCBuildConfiguration;
			buildSettings = {
				ALWAYS_SEARCH_USER_PATHS = NO;
				ASSETCATALOG_COMPILER_GENERATE_SWIFT_ASSET_SYMBOL_EXTENSIONS = YES;
				CLANG_ANALYZER_NONNULL = YES;
				CLANG_ANALYZER_NUMBER_OBJECT_CONVERSION = YES_AGGRESSIVE;
				CLANG_CXX_LANGUAGE_STANDARD = "gnu++20";
				CLANG_ENABLE_MODULES = YES;
				CLANG_ENABLE_OBJC_ARC = YES;
				CLANG_ENABLE_OBJC_WEAK = YES;
				CLANG_WARN_BLOCK_CAPTURE_AUTORELEASING = YES;
				CLANG_WARN_BOOL_CONVERSION = YES;
				CLANG_WARN_COMMA = YES;
				CLANG_WARN_CONSTANT_CONVERSION = YES;
				CLANG_WARN_DEPRECATED_OBJC_IMPLEMENTATIONS = YES;
				CLANG_WARN_DIRECT_OBJC_ISA_USAGE = YES_ERROR;
				CLANG_WARN_DOCUMENTATION_COMMENTS = YES;
				CLANG_WARN_EMPTY_BODY = YES;
				CLANG_WARN_ENUM_CONVERSION = YES;
				CLANG_WARN_INFINITE_RECURSION = YES;
				CLANG_WARN_INT_CONVERSION = YES;
				CLANG_WARN_NON_LITERAL_NULL_CONVERSION = YES;
				CLANG_WARN_OBJC_IMPLICIT_RETAIN_SELF = YES;
				CLANG_WARN_OBJC_LITERAL_CONVERSION = YES;
				CLANG_WARN_OBJC_ROOT_CLASS = YES_ERROR;
				CLANG_WARN_QUOTED_INCLUDE_IN_FRAMEWORK_HEADER = YES;
				CLANG_WARN_RANGE_LOOP_ANALYSIS = YES;
				CLANG_WARN_STRICT_PROTOTYPES = YES;
				CLANG_WARN_SUSPICIOUS_MOVE = YES;
				CLANG_WARN_UNGUARDED_AVAILABILITY = YES_AGGRESSIVE;
				CLANG_WARN_UNREACHABLE_CODE = YES;
				CLANG_WARN__DUPLICATE_METHOD_MATCH = YES;
				COPY_PHASE_STRIP = NO;
				DEBUG_INFORMATION_FORMAT = "dwarf-with-dsym";
				ENABLE_NS_ASSERTIONS = NO;
				ENABLE_STRICT_OBJC_MSGSEND = YES;
				ENABLE_USER_SCRIPT_SANDBOXING = YES;
				GCC_C_LANGUAGE_STANDARD = gnu17;
				GCC_NO_COMMON_BLOCKS = YES;
				GCC_WARN_64_TO_32_BIT_CONVERSION = YES;
				GCC_WARN_ABOUT_RETURN_TYPE = YES_ERROR;
				GCC_WARN_UNDECLARED_SELECTOR = YES;
				GCC_WARN_UNINITIALIZED_AUTOS = YES_AGGRESSIVE;
				GCC_WARN_UNUSED_FUNCTION = YES;
				GCC_WARN_UNUSED_VARIABLE = YES;
				IPHONEOS_DEPLOYMENT_TARGET = 26.2;
				LOCALIZATION_PREFERS_STRING_CATALOGS = YES;
				MTL_ENABLE_DEBUG_INFO = NO;
				MTL_FAST_MATH = YES;
				SDKROOT = iphoneos;
				SWIFT_COMPILATION_MODE = wholemodule;
				VALIDATE_PRODUCT = YES;
			};
			name = Release;
		};
		110673002F9109A200D11411 /* Debug */ = {
			isa = XCBuildConfiguration;
			buildSettings = {
				BUNDLE_LOADER = "$(TEST_HOST)";
				CODE_SIGN_STYLE = Automatic;
				CURRENT_PROJECT_VERSION = 1;
				GENERATE_INFOPLIST_FILE = YES;
				IPHONEOS_DEPLOYMENT_TARGET = 26.2;
				MARKETING_VERSION = 1.0;
				PRODUCT_BUNDLE_IDENTIFIER = com.nikita.dev.RippleTests;
				PRODUCT_NAME = "$(TARGET_NAME)";
				STRING_CATALOG_GENERATE_SYMBOLS = NO;
				SWIFT_APPROACHABLE_CONCURRENCY = YES;
				SWIFT_EMIT_LOC_STRINGS = NO;
				SWIFT_UPCOMING_FEATURE_MEMBER_IMPORT_VISIBILITY = YES;
				SWIFT_VERSION = 5.0;
				TARGETED_DEVICE_FAMILY = "1,2";
				TEST_HOST = "$(BUILT_PRODUCTS_DIR)/Ripple.app/$(BUNDLE_EXECUTABLE_FOLDER_PATH)/Ripple";
			};
			name = Debug;
		};
		110673012F9109A200D11411 /* Release */ = {
			isa = XCBuildConfiguration;
			buildSettings = {
				BUNDLE_LOADER = "$(TEST_HOST)";
				CODE_SIGN_STYLE = Automatic;
				CURRENT_PROJECT_VERSION = 1;
				GENERATE_INFOPLIST_FILE = YES;
				IPHONEOS_DEPLOYMENT_TARGET = 26.2;
				MARKETING_VERSION = 1.0;
				PRODUCT_BUNDLE_IDENTIFIER = com.nikita.dev.RippleTests;
				PRODUCT_NAME = "$(TARGET_NAME)";
				STRING_CATALOG_GENERATE_SYMBOLS = NO;
				SWIFT_APPROACHABLE_CONCURRENCY = YES;
				SWIFT_EMIT_LOC_STRINGS = NO;
				SWIFT_UPCOMING_FEATURE_MEMBER_IMPORT_VISIBILITY = YES;
				SWIFT_VERSION = 5.0;
				TARGETED_DEVICE_FAMILY = "1,2";
				TEST_HOST = "$(BUILT_PRODUCTS_DIR)/Ripple.app/$(BUNDLE_EXECUTABLE_FOLDER_PATH)/Ripple";
			};
			name = Release;
		};
		110673032F9109A200D11411 /* Debug */ = {
			isa = XCBuildConfiguration;
			buildSettings = {
				CODE_SIGN_STYLE = Automatic;
				CURRENT_PROJECT_VERSION = 1;
				GENERATE_INFOPLIST_FILE = YES;
				MARKETING_VERSION = 1.0;
				PRODUCT_BUNDLE_IDENTIFIER = com.nikita.dev.RippleUITests;
				PRODUCT_NAME = "$(TARGET_NAME)";
				STRING_CATALOG_GENERATE_SYMBOLS = NO;
				SWIFT_APPROACHABLE_CONCURRENCY = YES;
				SWIFT_EMIT_LOC_STRINGS = NO;
				SWIFT_UPCOMING_FEATURE_MEMBER_IMPORT_VISIBILITY = YES;
				SWIFT_VERSION = 5.0;
				TARGETED_DEVICE_FAMILY = "1,2";
				TEST_TARGET_NAME = Ripple;
			};
			name = Debug;
		};
		110673042F9109A200D11411 /* Release */ = {
			isa = XCBuildConfiguration;
			buildSettings = {
				CODE_SIGN_STYLE = Automatic;
				CURRENT_PROJECT_VERSION = 1;
				GENERATE_INFOPLIST_FILE = YES;
				MARKETING_VERSION = 1.0;
				PRODUCT_BUNDLE_IDENTIFIER = com.nikita.dev.RippleUITests;
				PRODUCT_NAME = "$(TARGET_NAME)";
				STRING_CATALOG_GENERATE_SYMBOLS = NO;
				SWIFT_APPROACHABLE_CONCURRENCY = YES;
				SWIFT_EMIT_LOC_STRINGS = NO;
				SWIFT_UPCOMING_FEATURE_MEMBER_IMPORT_VISIBILITY = YES;
				SWIFT_VERSION = 5.0;
				TARGETED_DEVICE_FAMILY = "1,2";
				TEST_TARGET_NAME = Ripple;
			};
			name = Release;
		};
/* End XCBuildConfiguration section */

/* Begin XCConfigurationList section */
		110672CC2F9109A100D11411 /* Build configuration list for PBXProject "Ripple" */ = {
			isa = XCConfigurationList;
			buildConfigurations = (
				110672FD2F9109A200D11411 /* Debug */,
				110672FE2F9109A200D11411 /* Release */,
			);
			defaultConfigurationIsVisible = 0;
			defaultConfigurationName = Release;
		};
		110672FA2F9109A200D11411 /* Build configuration list for PBXNativeTarget "Ripple" */ = {
			isa = XCConfigurationList;
			buildConfigurations = (
				110672FB2F9109A200D11411 /* Debug */,
				110672FC2F9109A200D11411 /* Release */,
			);
			defaultConfigurationIsVisible = 0;
			defaultConfigurationName = Release;
		};
		110672FF2F9109A200D11411 /* Build configuration list for PBXNativeTarget "RippleTests" */ = {
			isa = XCConfigurationList;
			buildConfigurations = (
				110673002F9109A200D11411 /* Debug */,
				110673012F9109A200D11411 /* Release */,
			);
			defaultConfigurationIsVisible = 0;
			defaultConfigurationName = Release;
		};
		110673022F9109A200D11411 /* Build configuration list for PBXNativeTarget "RippleUITests" */ = {
			isa = XCConfigurationList;
			buildConfigurations = (
				110673032F9109A200D11411 /* Debug */,
				110673042F9109A200D11411 /* Release */,
			);
			defaultConfigurationIsVisible = 0;
			defaultConfigurationName = Release;
		};
/* End XCConfigurationList section */

/* Begin XCRemoteSwiftPackageReference section */
		110673102F91112A00D11411 /* XCRemoteSwiftPackageReference "firebase-ios-sdk" */ = {
			isa = XCRemoteSwiftPackageReference;
			repositoryURL = "https://github.com/firebase/firebase-ios-sdk";
			requirement = {
				kind = upToNextMajorVersion;
				minimumVersion = 12.12.0;
			};
		};
		19731C9BB1524FFB8027233E /* XCRemoteSwiftPackageReference "Kingfisher" */ = {
			isa = XCRemoteSwiftPackageReference;
			repositoryURL = "https://github.com/onevcat/Kingfisher";
			requirement = {
				kind = upToNextMajorVersion;
				minimumVersion = 7.0.0;
			};
		};
		E479513A0CDC43A4B22F972E /* XCRemoteSwiftPackageReference "SkeletonView" */ = {
			isa = XCRemoteSwiftPackageReference;
			repositoryURL = "https://github.com/Juanpe/SkeletonView";
			requirement = {
				kind = upToNextMajorVersion;
				minimumVersion = 1.30.0;
			};
		};
/* End XCRemoteSwiftPackageReference section */

/* Begin XCSwiftPackageProductDependency section */
		110673112F91112A00D11411 /* FirebaseAuth */ = {
			isa = XCSwiftPackageProductDependency;
			package = 110673102F91112A00D11411 /* XCRemoteSwiftPackageReference "firebase-ios-sdk" */;
			productName = FirebaseAuth;
		};
		110673132F91112A00D11411 /* FirebaseFirestore */ = {
			isa = XCSwiftPackageProductDependency;
			package = 110673102F91112A00D11411 /* XCRemoteSwiftPackageReference "firebase-ios-sdk" */;
			productName = FirebaseFirestore;
		};
		110673152F91112A00D11411 /* FirebaseMessaging */ = {
			isa = XCSwiftPackageProductDependency;
			package = 110673102F91112A00D11411 /* XCRemoteSwiftPackageReference "firebase-ios-sdk" */;
			productName = FirebaseMessaging;
		};
		673B2634275541738A08C78B /* SkeletonView */ = {
			isa = XCSwiftPackageProductDependency;
			package = E479513A0CDC43A4B22F972E /* XCRemoteSwiftPackageReference "SkeletonView" */;
			productName = SkeletonView;
		};
		BEDFC40898EF415793EAC5B4 /* Kingfisher */ = {
			isa = XCSwiftPackageProductDependency;
			package = 19731C9BB1524FFB8027233E /* XCRemoteSwiftPackageReference "Kingfisher" */;
			productName = Kingfisher;
		};
/* End XCSwiftPackageProductDependency section */
	};
	rootObject = 110672C92F9109A100D11411 /* Project object */;
}
